
Microsoft Visual Studio Solution File, Format Version 12.00
# Visual Studio Version 17
VisualStudioVersion = 17.7.34024.191
MinimumVisualStudioVersion = 10.0.40219.1
Project("{FAE04EC0-301F-11D3-BF4B-00C04F79EFBC}") = "TP2-Punto3-2", "TP2-Punto3-2\TP2-Punto3-2.csproj", "{354BFE75-AF9B-4D8F-911F-4BDB42511D78}"
EndProject
Project("{FAE04EC0-301F-11D3-BF4B-00C04F79EFBC}") = "Prueba1", "Prueba1\Prueba1.csproj", "{40535223-CAE1-48D2-BA58-9A8264278F86}"
EndProject
Global
	GlobalSection(SolutionConfigurationPlatforms) = preSolution
		Debug|Any CPU = Debug|Any CPU
		Release|Any CPU = Release|Any CPU
	EndGlobalSection
	GlobalSection(ProjectConfigurationPlatforms) = postSolution
		{354BFE75-AF9B-4D8F-911F-4BDB42511D78}.Debug|Any CPU.ActiveCfg = Debug|Any CPU
		{354BFE75-AF9B-4D8F-911F-4BDB42511D78}.Debug|Any CPU.Build.0 = Debug|Any CPU
		{354BFE75-AF9B-4D8F-911F-4BDB42511D78}.Release|Any CPU.ActiveCfg = Release|Any CPU
		{354BFE75-AF9B-4D8F-911F-4BDB42511D78}.Release|Any CPU.Build.0 = Release|Any CPU
		{40535223-CAE1-48D2-BA58-9A8264278F86}.Debug|Any CPU.ActiveCfg = Debug|Any CPU
		{40535223-CAE1-48D2-BA58-9A8264278F86}.Debug|Any CPU.Build.0 = Debug|Any CPU
		{40535223-CAE1-48D2-BA58-9A8264278F86}.Release|Any CPU.ActiveCfg = Release|Any CPU
		{40535223-CAE1-48D2-BA58-9A8264278F86}.Release|Any CPU.Build.0 = Release|Any CPU
	EndGlobalSection
	GlobalSection(SolutionProperties) = preSolution
		HideSolutionNode = FALSE
	EndGlobalSection
	GlobalSection(ExtensibilityGlobals) = postSolution
		SolutionGuid = {B24910A9-7B23-4725-9917-866D27045115}
	EndGlobalSection
EndGlobal
